
Microsoft Visual Studio Solution File, Format Version 12.00
# Visual Studio Version 17
VisualStudioVersion = 17.7.34031.279
MinimumVisualStudioVersion = 10.0.40219.1
Project("{9A19103F-16F7-4668-BE54-9A1E7A4F7556}") = "group8my", "group8my\group8my.csproj", "{039C1326-E1D0-410F-9BC0-19D4ACD52000}"
EndProject
Project("{9A19103F-16F7-4668-BE54-9A1E7A4F7556}") = "Client", "..\Client\Client\Client.csproj", "{50B4B3E4-FCD6-40CE-849E-602D37073A45}"
EndProject
Global
	GlobalSection(SolutionConfigurationPlatforms) = preSolution
		Debug|Any CPU = Debug|Any CPU
		Release|Any CPU = Release|Any CPU
	EndGlobalSection
	GlobalSection(ProjectConfigurationPlatforms) = postSolution
		{039C1326-E1D0-410F-9BC0-19D4ACD52000}.Debug|Any CPU.ActiveCfg = Debug|Any CPU
		{039C1326-E1D0-410F-9BC0-19D4ACD52000}.Debug|Any CPU.Build.0 = Debug|Any CPU
		{039C1326-E1D0-410F-9BC0-19D4ACD52000}.Release|Any CPU.ActiveCfg = Release|Any CPU
		{039C1326-E1D0-410F-9BC0-19D4ACD52000}.Release|Any CPU.Build.0 = Release|Any CPU
		{50B4B3E4-FCD6-40CE-849E-602D37073A45}.Debug|Any CPU.ActiveCfg = Debug|Any CPU
		{50B4B3E4-FCD6-40CE-849E-602D37073A45}.Debug|Any CPU.Build.0 = Debug|Any CPU
		{50B4B3E4-FCD6-40CE-849E-602D37073A45}.Release|Any CPU.ActiveCfg = Release|Any CPU
		{50B4B3E4-FCD6-40CE-849E-602D37073A45}.Release|Any CPU.Build.0 = Release|Any CPU
	EndGlobalSection
	GlobalSection(SolutionProperties) = preSolution
		HideSolutionNode = FALSE
	EndGlobalSection
	GlobalSection(ExtensibilityGlobals) = postSolution
		SolutionGuid = {FD8F7291-BCBA-4D88-9F7F-7B613EEEAB0E}
	EndGlobalSection
EndGlobal
